
Microsoft Visual Studio Solution File, Format Version 12.00
# Visual Studio Version 16
VisualStudioVersion = 16.0.30517.126
MinimumVisualStudioVersion = 10.0.40219.1
Project("{9A19103F-16F7-4668-BE54-9A1E7A4F7556}") = "Tic Tac Toe Game", "Tic Tac Toe\Tic Tac Toe Game.csproj", "{4EDC86CB-245D-4C27-A473-368A8B39CDAC}"
EndProject
Global
	GlobalSection(SolutionConfigurationPlatforms) = preSolution
		Debug|Any CPU = Debug|Any CPU
		Release|Any CPU = Release|Any CPU
	EndGlobalSection
	GlobalSection(ProjectConfigurationPlatforms) = postSolution
		{4EDC86CB-245D-4C27-A473-368A8B39CDAC}.Debug|Any CPU.ActiveCfg = Debug|Any CPU
		{4EDC86CB-245D-4C27-A473-368A8B39CDAC}.Debug|Any CPU.Build.0 = Debug|Any CPU
		{4EDC86CB-245D-4C27-A473-368A8B39CDAC}.Release|Any CPU.ActiveCfg = Release|Any CPU
		{4EDC86CB-245D-4C27-A473-368A8B39CDAC}.Release|Any CPU.Build.0 = Release|Any CPU
	EndGlobalSection
	GlobalSection(SolutionProperties) = preSolution
		HideSolutionNode = FALSE
	EndGlobalSection
	GlobalSection(ExtensibilityGlobals) = postSolution
		SolutionGuid = {B51CA8EF-FB2A-4C76-A698-6E53FBE733B4}
	EndGlobalSection
EndGlobal
